
Microsoft Visual Studio Solution File, Format Version 12.00
# Visual Studio Version 17
VisualStudioVersion = 17.1.32421.90
MinimumVisualStudioVersion = 10.0.40219.1
Project("{FAE04EC0-301F-11D3-BF4B-00C04F79EFBC}") = "HLD", "HLD.csproj", "{2D7AE90C-F2C5-4454-A00F-E02FD81AE5C1}"
EndProject
Global
	GlobalSection(SolutionConfigurationPlatforms) = preSolution
		Debug|Any CPU = Debug|Any CPU
		Release|Any CPU = Release|Any CPU
	EndGlobalSection
	GlobalSection(ProjectConfigurationPlatforms) = postSolution
		{2D7AE90C-F2C5-4454-A00F-E02FD81AE5C1}.Debug|Any CPU.ActiveCfg = Debug|Any CPU
		{2D7AE90C-F2C5-4454-A00F-E02FD81AE5C1}.Debug|Any CPU.Build.0 = Debug|Any CPU
		{2D7AE90C-F2C5-4454-A00F-E02FD81AE5C1}.Release|Any CPU.ActiveCfg = Release|Any CPU
		{2D7AE90C-F2C5-4454-A00F-E02FD81AE5C1}.Release|Any CPU.Build.0 = Release|Any CPU
	EndGlobalSection
	GlobalSection(SolutionProperties) = preSolution
		HideSolutionNode = FALSE
	EndGlobalSection
	GlobalSection(ExtensibilityGlobals) = postSolution
		SolutionGuid = {32589327-A38F-49AF-8ED2-F3950CC36E81}
	EndGlobalSection
EndGlobal
